
Microsoft Visual Studio Solution File, Format Version 12.00
# Visual Studio Version 16
VisualStudioVersion = 16.0.29806.167
MinimumVisualStudioVersion = 10.0.40219.1
Project("{FAE04EC0-301F-11D3-BF4B-00C04F79EFBC}") = "Auto Parts Store", "Auto Parts Store.csproj", "{C3E9090F-9D1D-4E27-AC06-C199F80B38F9}"
EndProject
Global
	GlobalSection(SolutionConfigurationPlatforms) = preSolution
		Debug|Any CPU = Debug|Any CPU
		Release|Any CPU = Release|Any CPU
	EndGlobalSection
	GlobalSection(ProjectConfigurationPlatforms) = postSolution
		{C3E9090F-9D1D-4E27-AC06-C199F80B38F9}.Debug|Any CPU.ActiveCfg = Debug|Any CPU
		{C3E9090F-9D1D-4E27-AC06-C199F80B38F9}.Debug|Any CPU.Build.0 = Debug|Any CPU
		{C3E9090F-9D1D-4E27-AC06-C199F80B38F9}.Release|Any CPU.ActiveCfg = Release|Any CPU
		{C3E9090F-9D1D-4E27-AC06-C199F80B38F9}.Release|Any CPU.Build.0 = Release|Any CPU
	EndGlobalSection
	GlobalSection(SolutionProperties) = preSolution
		HideSolutionNode = FALSE
	EndGlobalSection
	GlobalSection(ExtensibilityGlobals) = postSolution
		SolutionGuid = {66389B84-4FC6-4E74-AE40-14088C5A37A4}
	EndGlobalSection
EndGlobal
